
Microsoft Visual Studio Solution File, Format Version 12.00
# Visual Studio Version 17
VisualStudioVersion = 17.7.34009.444
MinimumVisualStudioVersion = 10.0.40219.1
Project("{9A19103F-16F7-4668-BE54-9A1E7A4F7556}") = "Ecommerce-server", "Ecommerce-server.csproj", "{8970C91A-EB81-4620-A740-5F97D6D2718F}"
EndProject
Global
	GlobalSection(SolutionConfigurationPlatforms) = preSolution
		Debug|Any CPU = Debug|Any CPU
		Release|Any CPU = Release|Any CPU
	EndGlobalSection
	GlobalSection(ProjectConfigurationPlatforms) = postSolution
		{8970C91A-EB81-4620-A740-5F97D6D2718F}.Debug|Any CPU.ActiveCfg = Debug|Any CPU
		{8970C91A-EB81-4620-A740-5F97D6D2718F}.Debug|Any CPU.Build.0 = Debug|Any CPU
		{8970C91A-EB81-4620-A740-5F97D6D2718F}.Release|Any CPU.ActiveCfg = Release|Any CPU
		{8970C91A-EB81-4620-A740-5F97D6D2718F}.Release|Any CPU.Build.0 = Release|Any CPU
	EndGlobalSection
	GlobalSection(SolutionProperties) = preSolution
		HideSolutionNode = FALSE
	EndGlobalSection
	GlobalSection(ExtensibilityGlobals) = postSolution
		SolutionGuid = {4B879A88-7D1B-4A53-A161-27F4C6CE9A82}
	EndGlobalSection
EndGlobal
